
Microsoft Visual Studio Solution File, Format Version 12.00
# Visual Studio Version 17
VisualStudioVersion = 17.3.32901.215
MinimumVisualStudioVersion = 10.0.40219.1
Project("{9A19103F-16F7-4668-BE54-9A1E7A4F7556}") = "CalculadoraSystem.Test", "TestCalculadoraSystem\CalculadoraSystem.Test.csproj", "{9260F4EE-A01B-4EDD-BEA2-12BC2C9C1769}"
EndProject
Project("{9A19103F-16F7-4668-BE54-9A1E7A4F7556}") = "SystemCalculadora", "CalculadoraSystem\SystemCalculadora.csproj", "{62A5B143-F1AD-4B54-872F-B1C8329043F0}"
EndProject
Global
	GlobalSection(SolutionConfigurationPlatforms) = preSolution
		Debug|Any CPU = Debug|Any CPU
		Release|Any CPU = Release|Any CPU
	EndGlobalSection
	GlobalSection(ProjectConfigurationPlatforms) = postSolution
		{9260F4EE-A01B-4EDD-BEA2-12BC2C9C1769}.Debug|Any CPU.ActiveCfg = Debug|Any CPU
		{9260F4EE-A01B-4EDD-BEA2-12BC2C9C1769}.Debug|Any CPU.Build.0 = Debug|Any CPU
		{9260F4EE-A01B-4EDD-BEA2-12BC2C9C1769}.Release|Any CPU.ActiveCfg = Release|Any CPU
		{9260F4EE-A01B-4EDD-BEA2-12BC2C9C1769}.Release|Any CPU.Build.0 = Release|Any CPU
		{62A5B143-F1AD-4B54-872F-B1C8329043F0}.Debug|Any CPU.ActiveCfg = Debug|Any CPU
		{62A5B143-F1AD-4B54-872F-B1C8329043F0}.Debug|Any CPU.Build.0 = Debug|Any CPU
		{62A5B143-F1AD-4B54-872F-B1C8329043F0}.Release|Any CPU.ActiveCfg = Release|Any CPU
		{62A5B143-F1AD-4B54-872F-B1C8329043F0}.Release|Any CPU.Build.0 = Release|Any CPU
	EndGlobalSection
	GlobalSection(SolutionProperties) = preSolution
		HideSolutionNode = FALSE
	EndGlobalSection
	GlobalSection(ExtensibilityGlobals) = postSolution
		SolutionGuid = {F12D1760-0B46-4430-919D-F93F8CB6B0B0}
	EndGlobalSection
EndGlobal
